github.com/tusa-plus/core v0.0.0-20210529171714-843eeba3673d h1:sjigv5pg67Fl04IYwYUTC1o2jNt8Cay8c46GgAZwEAA=
github.com/tusa-plus/core/common v0.0.0-20210529171714-843eeba3673d h1:rfXzhEuTBL67aF0bbI3pWkn3yMaTFxC41TA2hdFnfuA=
github.com/tusa-plus/core/common v0.0.0-20210529171714-843eeba3673d/go.mod h1:W4oJNpcz0PkC8HQKbSE5gxk0jrcs5WAMwF8+U4skg1w=
gopkg.in/ini.v1 v1.62.0 h1:duBzk771uxoUuOlyRLkHsygud9+5lrlGjdFBb4mSKDU=
gopkg.in/ini.v1 v1.62.0/go.mod h1:pNLf8WUiyNEtQjuu5G5vTm06TEv9tsIgeAvK8hOrP4k=
